
Microsoft Visual Studio Solution File, Format Version 12.00
# Visual Studio Version 17
VisualStudioVersion = 17.4.33205.214
MinimumVisualStudioVersion = 10.0.40219.1
Project("{FAE04EC0-301F-11D3-BF4B-00C04F79EFBC}") = "AlifTech", "AlifTech\AlifTech.csproj", "{C2778F88-357F-48BD-8D5D-FC841A2B6B02}"
EndProject
Project("{FAE04EC0-301F-11D3-BF4B-00C04F79EFBC}") = "AlifTech.Domain", "AlifTech.Domain\AlifTech.Domain.csproj", "{ED6EA722-30A5-4ECC-8F71-06B1C41BF172}"
EndProject
Project("{FAE04EC0-301F-11D3-BF4B-00C04F79EFBC}") = "AlifTech.Data", "AlifTech.Data\AlifTech.Data.csproj", "{0EBE57EB-2160-4FCB-BC39-A36D213E5CB2}"
EndProject
Project("{FAE04EC0-301F-11D3-BF4B-00C04F79EFBC}") = "AlifTech.Service", "AlifTech.Service\AlifTech.Service.csproj", "{C1B17815-7405-41CD-B043-2E0C07E29535}"
EndProject
Global
	GlobalSection(SolutionConfigurationPlatforms) = preSolution
		Debug|Any CPU = Debug|Any CPU
		Release|Any CPU = Release|Any CPU
	EndGlobalSection
	GlobalSection(ProjectConfigurationPlatforms) = postSolution
		{C2778F88-357F-48BD-8D5D-FC841A2B6B02}.Debug|Any CPU.ActiveCfg = Debug|Any CPU
		{C2778F88-357F-48BD-8D5D-FC841A2B6B02}.Debug|Any CPU.Build.0 = Debug|Any CPU
		{C2778F88-357F-48BD-8D5D-FC841A2B6B02}.Release|Any CPU.ActiveCfg = Release|Any CPU
		{C2778F88-357F-48BD-8D5D-FC841A2B6B02}.Release|Any CPU.Build.0 = Release|Any CPU
		{ED6EA722-30A5-4ECC-8F71-06B1C41BF172}.Debug|Any CPU.ActiveCfg = Debug|Any CPU
		{ED6EA722-30A5-4ECC-8F71-06B1C41BF172}.Debug|Any CPU.Build.0 = Debug|Any CPU
		{ED6EA722-30A5-4ECC-8F71-06B1C41BF172}.Release|Any CPU.ActiveCfg = Release|Any CPU
		{ED6EA722-30A5-4ECC-8F71-06B1C41BF172}.Release|Any CPU.Build.0 = Release|Any CPU
		{0EBE57EB-2160-4FCB-BC39-A36D213E5CB2}.Debug|Any CPU.ActiveCfg = Debug|Any CPU
		{0EBE57EB-2160-4FCB-BC39-A36D213E5CB2}.Debug|Any CPU.Build.0 = Debug|Any CPU
		{0EBE57EB-2160-4FCB-BC39-A36D213E5CB2}.Release|Any CPU.ActiveCfg = Release|Any CPU
		{0EBE57EB-2160-4FCB-BC39-A36D213E5CB2}.Release|Any CPU.Build.0 = Release|Any CPU
		{C1B17815-7405-41CD-B043-2E0C07E29535}.Debug|Any CPU.ActiveCfg = Debug|Any CPU
		{C1B17815-7405-41CD-B043-2E0C07E29535}.Debug|Any CPU.Build.0 = Debug|Any CPU
		{C1B17815-7405-41CD-B043-2E0C07E29535}.Release|Any CPU.ActiveCfg = Release|Any CPU
		{C1B17815-7405-41CD-B043-2E0C07E29535}.Release|Any CPU.Build.0 = Release|Any CPU
	EndGlobalSection
	GlobalSection(SolutionProperties) = preSolution
		HideSolutionNode = FALSE
	EndGlobalSection
	GlobalSection(ExtensibilityGlobals) = postSolution
		SolutionGuid = {7F25C1D4-E5D7-4CB4-BB14-CF28E78B37AB}
	EndGlobalSection
EndGlobal
